// !$*UTF8*$!
{
	archiveVersion = 1;
	classes = {
	};
	objectVersion = 50;
	objects = {

/* Begin PBXBuildFile section */
		5F663F36209BF525007A6CA6 /* AppDelegate.swift in Sources */ = {isa = PBXBuildFile; fileRef = 5F663F35209BF525007A6CA6 /* AppDelegate.swift */; };
		5F663F38209BF525007A6CA6 /* ViewController.swift in Sources */ = {isa = PBXBuildFile; fileRef = 5F663F37209BF525007A6CA6 /* ViewController.swift */; };
		5F663F3B209BF525007A6CA6 /* Main.storyboard in Resources */ = {isa = PBXBuildFile; fileRef = 5F663F39209BF525007A6CA6 /* Main.storyboard */; };
		5F663F3D209BF526007A6CA6 /* Assets.xcassets in Resources */ = {isa = PBXBuildFile; fileRef = 5F663F3C209BF526007A6CA6 /* Assets.xcassets */; };
		5F663F40209BF526007A6CA6 /* LaunchScreen.storyboard in Resources */ = {isa = PBXBuildFile; fileRef = 5F663F3E209BF526007A6CA6 /* LaunchScreen.storyboard */; };
		5F663F49209BF541007A6CA6 /* CoreLocation.framework in Frameworks */ = {isa = PBXBuildFile; fileRef = 5F663F48209BF541007A6CA6 /* CoreLocation.framework */; };
/* End PBXBuildFile section */

/* Begin PBXFileReference section */
		5F663F32209BF525007A6CA6 /* onde estou.app */ = {isa = PBXFileReference; explicitFileType = wrapper.application; includeInIndex = 0; path = "onde estou.app"; sourceTree = BUILT_PRODUCTS_DIR; };
		5F663F35209BF525007A6CA6 /* AppDelegate.swift */ = {isa = PBXFileReference; lastKnownFileType = sourcecode.swift; path = AppDelegate.swift; sourceTree = "<group>"; };
		5F663F37209BF525007A6CA6 /* ViewController.swift */ = {isa = PBXFileReference; lastKnownFileType = sourcecode.swift; path = ViewController.swift; sourceTree = "<group>"; };
		5F663F3A209BF525007A6CA6 /* Base */ = {isa = PBXFileReference; lastKnownFileType = file.storyboard; name = Base; path = Base.lproj/Main.storyboard; sourceTree = "<group>"; };
		5F663F3C209BF526007A6CA6 /* Assets.xcassets */ = {isa = PBXFileReference; lastKnownFileType = folder.assetcatalog; path = Assets.xcassets; sourceTree = "<group>"; };
		5F663F3F209BF526007A6CA6 /* Base */ = {isa = PBXFileReference; lastKnownFileType = file.storyboard; name = Base; path = Base.lproj/LaunchScreen.storyboard; sourceTree = "<group>"; };
		5F663F41209BF526007A6CA6 /* Info.plist */ = {isa = PBXFileReference; lastKnownFileType = text.plist.xml; path = Info.plist; sourceTree = "<group>"; };
		5F663F48209BF541007A6CA6 /* CoreLocation.framework */ = {isa = PBXFileReference; lastKnownFileType = wrapper.framework; name = CoreLocation.framework; path = System/Library/Frameworks/CoreLocation.framework; sourceTree = SDKROOT; };
/* End PBXFileReference section */

/* Begin PBXFrameworksBuildPhase section */
		5F663F2F209BF525007A6CA6 /* Frameworks */ = {
			isa = PBXFrameworksBuildPhase;
			buildActionMask = 2147483647;
			files = (
				5F663F49209BF541007A6CA6 /* CoreLocation.framework in Frameworks */,
			);
			runOnlyForDeploymentPostprocessing = 0;
		};
/* End PBXFrameworksBuildPhase section */

/* Begin PBXGroup section */
		5F663F29209BF525007A6CA6 = {
			isa = PBXGroup;
			children = (
				5F663F34209BF525007A6CA6 /* onde estou */,
				5F663F33209BF525007A6CA6 /* Products */,
				5F663F47209BF541007A6CA6 /* Frameworks */,
			);
			sourceTree = "<group>";
		};
		5F663F33209BF525007A6CA6 /* Products */ = {
			isa = PBXGroup;
			children = (
				5F663F32209BF525007A6CA6 /* onde estou.app */,
			);
			name = Products;
			sourceTree = "<group>";
		};
		5F663F34209BF525007A6CA6 /* onde estou */ = {
			isa = PBXGroup;
			children = (
				5F663F35209BF525007A6CA6 /* AppDelegate.swift */,
				5F663F37209BF525007A6CA6 /* ViewController.swift */,
				5F663F39209BF525007A6CA6 /* Main.storyboard */,
				5F663F3C209BF526007A6CA6 /* Assets.xcassets */,
				5F663F3E209BF526007A6CA6 /* LaunchScreen.storyboard */,
				5F663F41209BF526007A6CA6 /* Info.plist */,
			);
			path = "onde estou";
			sourceTree = "<group>";
		};
		5F663F47209BF541007A6CA6 /* Frameworks */ = {
			isa = PBXGroup;
			children = (
				5F663F48209BF541007A6CA6 /* CoreLocation.framework */,
			);
			name = Frameworks;
			sourceTree = "<group>";
		};
/* End PBXGroup section */

/* Begin PBXNativeTarget section */
		5F663F31209BF525007A6CA6 /* onde estou */ = {
			isa = PBXNativeTarget;
			buildConfigurationList = 5F663F44209BF526007A6CA6 /* Build configuration list for PBXNativeTarget "onde estou" */;
			buildPhases = (
				5F663F2E209BF525007A6CA6 /* Sources */,
				5F663F2F209BF525007A6CA6 /* Frameworks */,
				5F663F30209BF525007A6CA6 /* Resources */,
			);
			buildRules = (
			);
			dependencies = (
			);
			name = "onde estou";
			productName = "onde estou";
			productReference = 5F663F32209BF525007A6CA6 /* onde estou.app */;
			productType = "com.apple.product-type.application";
		};
/* End PBXNativeTarget section */

/* Begin PBXProject section */
		5F663F2A209BF525007A6CA6 /* Project object */ = {
			isa = PBXProject;
			attributes = {
				LastSwiftUpdateCheck = 0930;
				LastUpgradeCheck = 0930;
				ORGANIZATIONNAME = Hicharles;
				TargetAttributes = {
					5F663F31209BF525007A6CA6 = {
						CreatedOnToolsVersion = 9.3;
					};
				};
			};
			buildConfigurationList = 5F663F2D209BF525007A6CA6 /* Build configuration list for PBXProject "onde estou" */;
			compatibilityVersion = "Xcode 9.3";
			developmentRegion = en;
			hasScannedForEncodings = 0;
			knownRegions = (
				en,
				Base,
			);
			mainGroup = 5F663F29209BF525007A6CA6;
			productRefGroup = 5F663F33209BF525007A6CA6 /* Products */;
			projectDirPath = "";
			projectRoot = "";
			targets = (
				5F663F31209BF525007A6CA6 /* onde estou */,
			);
		};
/* End PBXProject section */

/* Begin PBXResourcesBuildPhase section */
		5F663F30209BF525007A6CA6 /* Resources */ = {
			isa = PBXResourcesBuildPhase;
			buildActionMask = 2147483647;
			files = (
				5F663F40209BF526007A6CA6 /* LaunchScreen.storyboard in Resources */,
				5F663F3D209BF526007A6CA6 /* Assets.xcassets in Resources */,
				5F663F3B209BF525007A6CA6 /* Main.storyboard in Resources */,
			);
			runOnlyForDeploymentPostprocessing = 0;
		};
/* End PBXResourcesBuildPhase section */

/* Begin PBXSourcesBuildPhase section */
		5F663F2E209BF525007A6CA6 /* Sources */ = {
			isa = PBXSourcesBuildPhase;
			buildActionMask = 2147483647;
			files = (
				5F663F38209BF525007A6CA6 /* ViewController.swift in Sources */,
				5F663F36209BF525007A6CA6 /* AppDelegate.swift in Sources */,
			);
			runOnlyForDeploymentPostprocessing = 0;
		};
/* End PBXSourcesBuildPhase section */

/* Begin PBXVariantGroup section */
		5F663F39209BF525007A6CA6 /* Main.storyboard */ = {
			isa = PBXVariantGroup;
			children = (
				5F663F3A209BF525007A6CA6 /* Base */,
			);
			name = Main.storyboard;
			sourceTree = "<group>";
		};
		5F663F3E209BF526007A6CA6 /* LaunchScreen.storyboard */ = {
			isa = PBXVariantGroup;
			children = (
				5F663F3F209BF526007A6CA6 /* Base */,
			);
			name = LaunchScreen.storyboard;
			sourceTree = "<group>";
		};
/* End PBXVariantGroup section */

/* Begin XCBuildConfiguration section */
		5F663F42209BF526007A6CA6 /* Debug */ = {
			isa = XCBuildConfiguration;
			buildSettings = {
				ALWAYS_SEARCH_USER_PATHS = NO;
				CLANG_ANALYZER_NONNULL = YES;
				CLANG_ANALYZER_NUMBER_OBJECT_CONVERSION = YES_AGGRESSIVE;
				CLANG_CXX_LANGUAGE_STANDARD = "gnu++14";
				CLANG_CXX_LIBRARY = "libc++";
				CLANG_ENABLE_MODULES = YES;
				CLANG_ENABLE_OBJC_ARC = YES;
				CLANG_ENABLE_OBJC_WEAK = YES;
				CLANG_WARN_BLOCK_CAPTURE_AUTORELEASING = YES;
				CLANG_WARN_BOOL_CONVERSION = YES;
				CLANG_WARN_COMMA = YES;
				CLANG_WARN_CONSTANT_CONVERSION = YES;
				CLANG_WARN_DEPRECATED_OBJC_IMPLEMENTATIONS = YES;
				CLANG_WARN_DIRECT_OBJC_ISA_USAGE = YES_ERROR;
				CLANG_WARN_DOCUMENTATION_COMMENTS = YES;
				CLANG_WARN_EMPTY_BODY = YES;
				CLANG_WARN_ENUM_CONVERSION = YES;
				CLANG_WARN_INFINITE_RECURSION = YES;
				CLANG_WARN_INT_CONVERSION = YES;
				CLANG_WARN_NON_LITERAL_NULL_CONVERSION = YES;
				CLANG_WARN_OBJC_IMPLICIT_RETAIN_SELF = YES;
				CLANG_WARN_OBJC_LITERAL_CONVERSION = YES;
				CLANG_WARN_OBJC_ROOT_CLASS = YES_ERROR;
				CLANG_WARN_RANGE_LOOP_ANALYSIS = YES;
				CLANG_WARN_STRICT_PROTOTYPES = YES;
				CLANG_WARN_SUSPICIOUS_MOVE = YES;
				CLANG_WARN_UNGUARDED_AVAILABILITY = YES_AGGRESSIVE;
				CLANG_WARN_UNREACHABLE_CODE = YES;
				CLANG_WARN__DUPLICATE_METHOD_MATCH = YES;
				CODE_SIGN_IDENTITY = "iPhone Developer";
				COPY_PHASE_STRIP = NO;
				DEBUG_INFORMATION_FORMAT = dwarf;
				ENABLE_STRICT_OBJC_MSGSEND = YES;
				ENABLE_TESTABILITY = YES;
				GCC_C_LANGUAGE_STANDARD = gnu11;
				GCC_DYNAMIC_NO_PIC = NO;
				GCC_NO_COMMON_BLOCKS = YES;
				GCC_OPTIMIZATION_LEVEL = 0;
				GCC_PREPROCESSOR_DEFINITIONS = (
					"DEBUG=1",
					"$(inherited)",
				);
				GCC_WARN_64_TO_32_BIT_CONVERSION = YES;
				GCC_WARN_ABOUT_RETURN_TYPE = YES_ERROR;
				GCC_WARN_UNDECLARED_SELECTOR = YES;
				GCC_WARN_UNINITIALIZED_AUTOS = YES_AGGRESSIVE;
				GCC_WARN_UNUSED_FUNCTION = YES;
				GCC_WARN_UNUSED_VARIABLE = YES;
				IPHONEOS_DEPLOYMENT_TARGET = 11.3;
				MTL_ENABLE_DEBUG_INFO = YES;
				ONLY_ACTIVE_ARCH = YES;
				SDKROOT = iphoneos;
				SWIFT_ACTIVE_COMPILATION_CONDITIONS = DEBUG;
				SWIFT_OPTIMIZATION_LEVEL = "-Onone";
			};
			name = Debug;
		};
		5F663F43209BF526007A6CA6 /* Release */ = {
			isa = XCBuildConfiguration;
			buildSettings = {
				ALWAYS_SEARCH_USER_PATHS = NO;
				CLANG_ANALYZER_NONNULL = YES;
				CLANG_ANALYZER_NUMBER_OBJECT_CONVERSION = YES_AGGRESSIVE;
				CLANG_CXX_LANGUAGE_STANDARD = "gnu++14";
				CLANG_CXX_LIBRARY = "libc++";
				CLANG_ENABLE_MODULES = YES;
				CLANG_ENABLE_OBJC_ARC = YES;
				CLANG_ENABLE_OBJC_WEAK = YES;
				CLANG_WARN_BLOCK_CAPTURE_AUTORELEASING = YES;
				CLANG_WARN_BOOL_CONVERSION = YES;
				CLANG_WARN_COMMA = YES;
				CLANG_WARN_CONSTANT_CONVERSION = YES;
				CLANG_WARN_DEPRECATED_OBJC_IMPLEMENTATIONS = YES;
				CLANG_WARN_DIRECT_OBJC_ISA_USAGE = YES_ERROR;
				CLANG_WARN_DOCUMENTATION_COMMENTS = YES;
				CLANG_WARN_EMPTY_BODY = YES;
				CLANG_WARN_ENUM_CONVERSION = YES;
				CLANG_WARN_INFINITE_RECURSION = YES;
				CLANG_WARN_INT_CONVERSION = YES;
				CLANG_WARN_NON_LITERAL_NULL_CONVERSION = YES;
				CLANG_WARN_OBJC_IMPLICIT_RETAIN_SELF = YES;
				CLANG_WARN_OBJC_LITERAL_CONVERSION = YES;
				CLANG_WARN_OBJC_ROOT_CLASS = YES_ERROR;
				CLANG_WARN_RANGE_LOOP_ANALYSIS = YES;
				CLANG_WARN_STRICT_PROTOTYPES = YES;
				CLANG_WARN_SUSPICIOUS_MOVE = YES;
				CLANG_WARN_UNGUARDED_AVAILABILITY = YES_AGGRESSIVE;
				CLANG_WARN_UNREACHABLE_CODE = YES;
				CLANG_WARN__DUPLICATE_METHOD_MATCH = YES;
				CODE_SIGN_IDENTITY = "iPhone Developer";
				COPY_PHASE_STRIP = NO;
				DEBUG_INFORMATION_FORMAT = "dwarf-with-dsym";
				ENABLE_NS_ASSERTIONS = NO;
				ENABLE_STRICT_OBJC_MSGSEND = YES;
				GCC_C_LANGUAGE_STANDARD = gnu11;
				GCC_NO_COMMON_BLOCKS = YES;
				GCC_WARN_64_TO_32_BIT_CONVERSION = YES;
				GCC_WARN_ABOUT_RETURN_TYPE = YES_ERROR;
				GCC_WARN_UNDECLARED_SELECTOR = YES;
				GCC_WARN_UNINITIALIZED_AUTOS = YES_AGGRESSIVE;
				GCC_WARN_UNUSED_FUNCTION = YES;
				GCC_WARN_UNUSED_VARIABLE = YES;
				IPHONEOS_DEPLOYMENT_TARGET = 11.3;
				MTL_ENABLE_DEBUG_INFO = NO;
				SDKROOT = iphoneos;
				SWIFT_COMPILATION_MODE = wholemodule;
				SWIFT_OPTIMIZATION_LEVEL = "-O";
				VALIDATE_PRODUCT = YES;
			};
			name = Release;
		};
		5F663F45209BF526007A6CA6 /* Debug */ = {
			isa = XCBuildConfiguration;
			buildSettings = {
				ASSETCATALOG_COMPILER_APPICON_NAME = AppIcon;
				CODE_SIGN_STYLE = Automatic;
				DEVELOPMENT_TEAM = 36E9NGVVGC;
				INFOPLIST_FILE = "onde estou/Info.plist";
				LD_RUNPATH_SEARCH_PATHS = (
					"$(inherited)",
					"@executable_path/Frameworks",
				);
				PRODUCT_BUNDLE_IDENTIFIER = "br.com.hicharles.onde-estou";
				PRODUCT_NAME = "$(TARGET_NAME)";
				SWIFT_VERSION = 4.0;
				TARGETED_DEVICE_FAMILY = "1,2";
			};
			name = Debug;
		};
		5F663F46209BF526007A6CA6 /* Release */ = {
			isa = XCBuildConfiguration;
			buildSettings = {
				ASSETCATALOG_COMPILER_APPICON_NAME = AppIcon;
				CODE_SIGN_STYLE = Automatic;
				DEVELOPMENT_TEAM = 36E9NGVVGC;
				INFOPLIST_FILE = "onde estou/Info.plist";
				LD_RUNPATH_SEARCH_PATHS = (
					"$(inherited)",
					"@executable_path/Frameworks",
				);
				PRODUCT_BUNDLE_IDENTIFIER = "br.com.hicharles.onde-estou";
				PRODUCT_NAME = "$(TARGET_NAME)";
				SWIFT_VERSION = 4.0;
				TARGETED_DEVICE_FAMILY = "1,2";
			};
			name = Release;
		};
/* End XCBuildConfiguration section */

/* Begin XCConfigurationList section */
		5F663F2D209BF525007A6CA6 /* Build configuration list for PBXProject "onde estou" */ = {
			isa = XCConfigurationList;
			buildConfigurations = (
				5F663F42209BF526007A6CA6 /* Debug */,
				5F663F43209BF526007A6CA6 /* Release */,
			);
			defaultConfigurationIsVisible = 0;
			defaultConfigurationName = Release;
		};
		5F663F44209BF526007A6CA6 /* Build configuration list for PBXNativeTarget "onde estou" */ = {
			isa = XCConfigurationList;
			buildConfigurations = (
				5F663F45209BF526007A6CA6 /* Debug */,
				5F663F46209BF526007A6CA6 /* Release */,
			);
			defaultConfigurationIsVisible = 0;
			defaultConfigurationName = Release;
		};
/* End XCConfigurationList section */
	};
	rootObject = 5F663F2A209BF525007A6CA6 /* Project object */;
}
